// !$*UTF8*$!
{
	archiveVersion = 1;
	classes = {
	};
	objectVersion = 55;
	objects = {

/* Begin PBXBuildFile section */
		A0199D06279D625600B04550 /* Floor4.swift in Sources */ = {isa = PBXBuildFile; fileRef = A0199D05279D625600B04550 /* Floor4.swift */; };
		A0BB03822798472C00165B3C /* parkingApp.swift in Sources */ = {isa = PBXBuildFile; fileRef = A0BB03812798472C00165B3C /* parkingApp.swift */; };
		A0BB03842798472C00165B3C /* ContentView.swift in Sources */ = {isa = PBXBuildFile; fileRef = A0BB03832798472C00165B3C /* ContentView.swift */; };
		A0BB03862798472D00165B3C /* Assets.xcassets in Resources */ = {isa = PBXBuildFile; fileRef = A0BB03852798472D00165B3C /* Assets.xcassets */; };
		A0BB03892798472D00165B3C /* Preview Assets.xcassets in Resources */ = {isa = PBXBuildFile; fileRef = A0BB03882798472D00165B3C /* Preview Assets.xcassets */; };
		A0BB03932798472D00165B3C /* parkingTests.swift in Sources */ = {isa = PBXBuildFile; fileRef = A0BB03922798472D00165B3C /* parkingTests.swift */; };
		A0BB039D2798472D00165B3C /* parkingUITests.swift in Sources */ = {isa = PBXBuildFile; fileRef = A0BB039C2798472D00165B3C /* parkingUITests.swift */; };
		A0BB039F2798472D00165B3C /* parkingUITestsLaunchTests.swift in Sources */ = {isa = PBXBuildFile; fileRef = A0BB039E2798472D00165B3C /* parkingUITestsLaunchTests.swift */; };
		A0DCFE5E279C29D10094AA56 /* ParkingSpot.swift in Sources */ = {isa = PBXBuildFile; fileRef = A0DCFE5D279C29D10094AA56 /* ParkingSpot.swift */; };
		A0DCFE60279C890F0094AA56 /* Floor2.swift in Sources */ = {isa = PBXBuildFile; fileRef = A0DCFE5F279C890F0094AA56 /* Floor2.swift */; };
		A0DCFE62279CB6FE0094AA56 /* Floor3.swift in Sources */ = {isa = PBXBuildFile; fileRef = A0DCFE61279CB6FE0094AA56 /* Floor3.swift */; };
		A0FD0FDC2799D36D00682934 /* NewParking.swift in Sources */ = {isa = PBXBuildFile; fileRef = A0FD0FDB2799D36D00682934 /* NewParking.swift */; };
/* End PBXBuildFile section */

/* Begin PBXContainerItemProxy section */
		A0BB038F2798472D00165B3C /* PBXContainerItemProxy */ = {
			isa = PBXContainerItemProxy;
			containerPortal = A0BB03762798472C00165B3C /* Project object */;
			proxyType = 1;
			remoteGlobalIDString = A0BB037D2798472C00165B3C;
			remoteInfo = parking;
		};
		A0BB03992798472D00165B3C /* PBXContainerItemProxy */ = {
			isa = PBXContainerItemProxy;
			containerPortal = A0BB03762798472C00165B3C /* Project object */;
			proxyType = 1;
			remoteGlobalIDString = A0BB037D2798472C00165B3C;
			remoteInfo = parking;
		};
/* End PBXContainerItemProxy section */

/* Begin PBXFileReference section */
		A0199D05279D625600B04550 /* Floor4.swift */ = {isa = PBXFileReference; lastKnownFileType = sourcecode.swift; path = Floor4.swift; sourceTree = "<group>"; };
		A0BB037E2798472C00165B3C /* parking.app */ = {isa = PBXFileReference; explicitFileType = wrapper.application; includeInIndex = 0; path = parking.app; sourceTree = BUILT_PRODUCTS_DIR; };
		A0BB03812798472C00165B3C /* parkingApp.swift */ = {isa = PBXFileReference; lastKnownFileType = sourcecode.swift; path = parkingApp.swift; sourceTree = "<group>"; };
		A0BB03832798472C00165B3C /* ContentView.swift */ = {isa = PBXFileReference; lastKnownFileType = sourcecode.swift; path = ContentView.swift; sourceTree = "<group>"; };
		A0BB03852798472D00165B3C /* Assets.xcassets */ = {isa = PBXFileReference; lastKnownFileType = folder.assetcatalog; path = Assets.xcassets; sourceTree = "<group>"; };
		A0BB03882798472D00165B3C /* Preview Assets.xcassets */ = {isa = PBXFileReference; lastKnownFileType = folder.assetcatalog; path = "Preview Assets.xcassets"; sourceTree = "<group>"; };
		A0BB038E2798472D00165B3C /* parkingTests.xctest */ = {isa = PBXFileReference; explicitFileType = wrapper.cfbundle; includeInIndex = 0; path = parkingTests.xctest; sourceTree = BUILT_PRODUCTS_DIR; };
		A0BB03922798472D00165B3C /* parkingTests.swift */ = {isa = PBXFileReference; lastKnownFileType = sourcecode.swift; path = parkingTests.swift; sourceTree = "<group>"; };
		A0BB03982798472D00165B3C /* parkingUITests.xctest */ = {isa = PBXFileReference; explicitFileType = wrapper.cfbundle; includeInIndex = 0; path = parkingUITests.xctest; sourceTree = BUILT_PRODUCTS_DIR; };
		A0BB039C2798472D00165B3C /* parkingUITests.swift */ = {isa = PBXFileReference; lastKnownFileType = sourcecode.swift; path = parkingUITests.swift; sourceTree = "<group>"; };
		A0BB039E2798472D00165B3C /* parkingUITestsLaunchTests.swift */ = {isa = PBXFileReference; lastKnownFileType = sourcecode.swift; path = parkingUITestsLaunchTests.swift; sourceTree = "<group>"; };
		A0DCFE5D279C29D10094AA56 /* ParkingSpot.swift */ = {isa = PBXFileReference; lastKnownFileType = sourcecode.swift; path = ParkingSpot.swift; sourceTree = "<group>"; };
		A0DCFE5F279C890F0094AA56 /* Floor2.swift */ = {isa = PBXFileReference; lastKnownFileType = sourcecode.swift; path = Floor2.swift; sourceTree = "<group>"; };
		A0DCFE61279CB6FE0094AA56 /* Floor3.swift */ = {isa = PBXFileReference; lastKnownFileType = sourcecode.swift; path = Floor3.swift; sourceTree = "<group>"; };
		A0FD0FDB2799D36D00682934 /* NewParking.swift */ = {isa = PBXFileReference; lastKnownFileType = sourcecode.swift; path = NewParking.swift; sourceTree = "<group>"; };
/* End PBXFileReference section */

/* Begin PBXFrameworksBuildPhase section */
		A0BB037B2798472C00165B3C /* Frameworks */ = {
			isa = PBXFrameworksBuildPhase;
			buildActionMask = 2147483647;
			files = (
			);
			runOnlyForDeploymentPostprocessing = 0;
		};
		A0BB038B2798472D00165B3C /* Frameworks */ = {
			isa = PBXFrameworksBuildPhase;
			buildActionMask = 2147483647;
			files = (
			);
			runOnlyForDeploymentPostprocessing = 0;
		};
		A0BB03952798472D00165B3C /* Frameworks */ = {
			isa = PBXFrameworksBuildPhase;
			buildActionMask = 2147483647;
			files = (
			);
			runOnlyForDeploymentPostprocessing = 0;
		};
/* End PBXFrameworksBuildPhase section */

/* Begin PBXGroup section */
		A0BB03752798472C00165B3C = {
			isa = PBXGroup;
			children = (
				A0199D05279D625600B04550 /* Floor4.swift */,
				A0DCFE61279CB6FE0094AA56 /* Floor3.swift */,
				A0DCFE5F279C890F0094AA56 /* Floor2.swift */,
				A0DCFE5D279C29D10094AA56 /* ParkingSpot.swift */,
				A0FD0FDB2799D36D00682934 /* NewParking.swift */,
				A0BB03802798472C00165B3C /* parking */,
				A0BB03912798472D00165B3C /* parkingTests */,
				A0BB039B2798472D00165B3C /* parkingUITests */,
				A0BB037F2798472C00165B3C /* Products */,
			);
			sourceTree = "<group>";
		};
		A0BB037F2798472C00165B3C /* Products */ = {
			isa = PBXGroup;
			children = (
				A0BB037E2798472C00165B3C /* parking.app */,
				A0BB038E2798472D00165B3C /* parkingTests.xctest */,
				A0BB03982798472D00165B3C /* parkingUITests.xctest */,
			);
			name = Products;
			sourceTree = "<group>";
		};
		A0BB03802798472C00165B3C /* parking */ = {
			isa = PBXGroup;
			children = (
				A0BB03812798472C00165B3C /* parkingApp.swift */,
				A0BB03832798472C00165B3C /* ContentView.swift */,
				A0BB03852798472D00165B3C /* Assets.xcassets */,
				A0BB03872798472D00165B3C /* Preview Content */,
			);
			path = parking;
			sourceTree = "<group>";
		};
		A0BB03872798472D00165B3C /* Preview Content */ = {
			isa = PBXGroup;
			children = (
				A0BB03882798472D00165B3C /* Preview Assets.xcassets */,
			);
			path = "Preview Content";
			sourceTree = "<group>";
		};
		A0BB03912798472D00165B3C /* parkingTests */ = {
			isa = PBXGroup;
			children = (
				A0BB03922798472D00165B3C /* parkingTests.swift */,
			);
			path = parkingTests;
			sourceTree = "<group>";
		};
		A0BB039B2798472D00165B3C /* parkingUITests */ = {
			isa = PBXGroup;
			children = (
				A0BB039C2798472D00165B3C /* parkingUITests.swift */,
				A0BB039E2798472D00165B3C /* parkingUITestsLaunchTests.swift */,
			);
			path = parkingUITests;
			sourceTree = "<group>";
		};
/* End PBXGroup section */

/* Begin PBXNativeTarget section */
		A0BB037D2798472C00165B3C /* parking */ = {
			isa = PBXNativeTarget;
			buildConfigurationList = A0BB03A22798472D00165B3C /* Build configuration list for PBXNativeTarget "parking" */;
			buildPhases = (
				A0BB037A2798472C00165B3C /* Sources */,
				A0BB037B2798472C00165B3C /* Frameworks */,
				A0BB037C2798472C00165B3C /* Resources */,
			);
			buildRules = (
			);
			dependencies = (
			);
			name = parking;
			productName = parking;
			productReference = A0BB037E2798472C00165B3C /* parking.app */;
			productType = "com.apple.product-type.application";
		};
		A0BB038D2798472D00165B3C /* parkingTests */ = {
			isa = PBXNativeTarget;
			buildConfigurationList = A0BB03A52798472D00165B3C /* Build configuration list for PBXNativeTarget "parkingTests" */;
			buildPhases = (
				A0BB038A2798472D00165B3C /* Sources */,
				A0BB038B2798472D00165B3C /* Frameworks */,
				A0BB038C2798472D00165B3C /* Resources */,
			);
			buildRules = (
			);
			dependencies = (
				A0BB03902798472D00165B3C /* PBXTargetDependency */,
			);
			name = parkingTests;
			productName = parkingTests;
			productReference = A0BB038E2798472D00165B3C /* parkingTests.xctest */;
			productType = "com.apple.product-type.bundle.unit-test";
		};
		A0BB03972798472D00165B3C /* parkingUITests */ = {
			isa = PBXNativeTarget;
			buildConfigurationList = A0BB03A82798472D00165B3C /* Build configuration list for PBXNativeTarget "parkingUITests" */;
			buildPhases = (
				A0BB03942798472D00165B3C /* Sources */,
				A0BB03952798472D00165B3C /* Frameworks */,
				A0BB03962798472D00165B3C /* Resources */,
			);
			buildRules = (
			);
			dependencies = (
				A0BB039A2798472D00165B3C /* PBXTargetDependency */,
			);
			name = parkingUITests;
			productName = parkingUITests;
			productReference = A0BB03982798472D00165B3C /* parkingUITests.xctest */;
			productType = "com.apple.product-type.bundle.ui-testing";
		};
/* End PBXNativeTarget section */

/* Begin PBXProject section */
		A0BB03762798472C00165B3C /* Project object */ = {
			isa = PBXProject;
			attributes = {
				BuildIndependentTargetsInParallel = 1;
				LastSwiftUpdateCheck = 1320;
				LastUpgradeCheck = 1320;
				TargetAttributes = {
					A0BB037D2798472C00165B3C = {
						CreatedOnToolsVersion = 13.2;
					};
					A0BB038D2798472D00165B3C = {
						CreatedOnToolsVersion = 13.2;
						TestTargetID = A0BB037D2798472C00165B3C;
					};
					A0BB03972798472D00165B3C = {
						CreatedOnToolsVersion = 13.2;
						TestTargetID = A0BB037D2798472C00165B3C;
					};
				};
			};
			buildConfigurationList = A0BB03792798472C00165B3C /* Build configuration list for PBXProject "parking" */;
			compatibilityVersion = "Xcode 13.0";
			developmentRegion = en;
			hasScannedForEncodings = 0;
			knownRegions = (
				en,
				Base,
			);
			mainGroup = A0BB03752798472C00165B3C;
			productRefGroup = A0BB037F2798472C00165B3C /* Products */;
			projectDirPath = "";
			projectRoot = "";
			targets = (
				A0BB037D2798472C00165B3C /* parking */,
				A0BB038D2798472D00165B3C /* parkingTests */,
				A0BB03972798472D00165B3C /* parkingUITests */,
			);
		};
/* End PBXProject section */

/* Begin PBXResourcesBuildPhase section */
		A0BB037C2798472C00165B3C /* Resources */ = {
			isa = PBXResourcesBuildPhase;
			buildActionMask = 2147483647;
			files = (
				A0BB03892798472D00165B3C /* Preview Assets.xcassets in Resources */,
				A0BB03862798472D00165B3C /* Assets.xcassets in Resources */,
			);
			runOnlyForDeploymentPostprocessing = 0;
		};
		A0BB038C2798472D00165B3C /* Resources */ = {
			isa = PBXResourcesBuildPhase;
			buildActionMask = 2147483647;
			files = (
			);
			runOnlyForDeploymentPostprocessing = 0;
		};
		A0BB03962798472D00165B3C /* Resources */ = {
			isa = PBXResourcesBuildPhase;
			buildActionMask = 2147483647;
			files = (
			);
			runOnlyForDeploymentPostprocessing = 0;
		};
/* End PBXResourcesBuildPhase section */

/* Begin PBXSourcesBuildPhase section */
		A0BB037A2798472C00165B3C /* Sources */ = {
			isa = PBXSourcesBuildPhase;
			buildActionMask = 2147483647;
			files = (
				A0FD0FDC2799D36D00682934 /* NewParking.swift in Sources */,
				A0DCFE60279C890F0094AA56 /* Floor2.swift in Sources */,
				A0DCFE5E279C29D10094AA56 /* ParkingSpot.swift in Sources */,
				A0199D06279D625600B04550 /* Floor4.swift in Sources */,
				A0BB03842798472C00165B3C /* ContentView.swift in Sources */,
				A0DCFE62279CB6FE0094AA56 /* Floor3.swift in Sources */,
				A0BB03822798472C00165B3C /* parkingApp.swift in Sources */,
			);
			runOnlyForDeploymentPostprocessing = 0;
		};
		A0BB038A2798472D00165B3C /* Sources */ = {
			isa = PBXSourcesBuildPhase;
			buildActionMask = 2147483647;
			files = (
				A0BB03932798472D00165B3C /* parkingTests.swift in Sources */,
			);
			runOnlyForDeploymentPostprocessing = 0;
		};
		A0BB03942798472D00165B3C /* Sources */ = {
			isa = PBXSourcesBuildPhase;
			buildActionMask = 2147483647;
			files = (
				A0BB039D2798472D00165B3C /* parkingUITests.swift in Sources */,
				A0BB039F2798472D00165B3C /* parkingUITestsLaunchTests.swift in Sources */,
			);
			runOnlyForDeploymentPostprocessing = 0;
		};
/* End PBXSourcesBuildPhase section */

/* Begin PBXTargetDependency section */
		A0BB03902798472D00165B3C /* PBXTargetDependency */ = {
			isa = PBXTargetDependency;
			target = A0BB037D2798472C00165B3C /* parking */;
			targetProxy = A0BB038F2798472D00165B3C /* PBXContainerItemProxy */;
		};
		A0BB039A2798472D00165B3C /* PBXTargetDependency */ = {
			isa = PBXTargetDependency;
			target = A0BB037D2798472C00165B3C /* parking */;
			targetProxy = A0BB03992798472D00165B3C /* PBXContainerItemProxy */;
		};
/* End PBXTargetDependency section */

/* Begin XCBuildConfiguration section */
		A0BB03A02798472D00165B3C /* Debug */ = {
			isa = XCBuildConfiguration;
			buildSettings = {
				ALWAYS_SEARCH_USER_PATHS = NO;
				CLANG_ANALYZER_NONNULL = YES;
				CLANG_ANALYZER_NUMBER_OBJECT_CONVERSION = YES_AGGRESSIVE;
				CLANG_CXX_LANGUAGE_STANDARD = "gnu++17";
				CLANG_CXX_LIBRARY = "libc++";
				CLANG_ENABLE_MODULES = YES;
				CLANG_ENABLE_OBJC_ARC = YES;
				CLANG_ENABLE_OBJC_WEAK = YES;
				CLANG_WARN_BLOCK_CAPTURE_AUTORELEASING = YES;
				CLANG_WARN_BOOL_CONVERSION = YES;
				CLANG_WARN_COMMA = YES;
				CLANG_WARN_CONSTANT_CONVERSION = YES;
				CLANG_WARN_DEPRECATED_OBJC_IMPLEMENTATIONS = YES;
				CLANG_WARN_DIRECT_OBJC_ISA_USAGE = YES_ERROR;
				CLANG_WARN_DOCUMENTATION_COMMENTS = YES;
				CLANG_WARN_EMPTY_BODY = YES;
				CLANG_WARN_ENUM_CONVERSION = YES;
				CLANG_WARN_INFINITE_RECURSION = YES;
				CLANG_WARN_INT_CONVERSION = YES;
				CLANG_WARN_NON_LITERAL_NULL_CONVERSION = YES;
				CLANG_WARN_OBJC_IMPLICIT_RETAIN_SELF = YES;
				CLANG_WARN_OBJC_LITERAL_CONVERSION = YES;
				CLANG_WARN_OBJC_ROOT_CLASS = YES_ERROR;
				CLANG_WARN_QUOTED_INCLUDE_IN_FRAMEWORK_HEADER = YES;
				CLANG_WARN_RANGE_LOOP_ANALYSIS = YES;
				CLANG_WARN_STRICT_PROTOTYPES = YES;
				CLANG_WARN_SUSPICIOUS_MOVE = YES;
				CLANG_WARN_UNGUARDED_AVAILABILITY = YES_AGGRESSIVE;
				CLANG_WARN_UNREACHABLE_CODE = YES;
				CLANG_WARN__DUPLICATE_METHOD_MATCH = YES;
				COPY_PHASE_STRIP = NO;
				DEBUG_INFORMATION_FORMAT = dwarf;
				ENABLE_STRICT_OBJC_MSGSEND = YES;
				ENABLE_TESTABILITY = YES;
				GCC_C_LANGUAGE_STANDARD = gnu11;
				GCC_DYNAMIC_NO_PIC = NO;
				GCC_NO_COMMON_BLOCKS = YES;
				GCC_OPTIMIZATION_LEVEL = 0;
				GCC_PREPROCESSOR_DEFINITIONS = (
					"DEBUG=1",
					"$(inherited)",
				);
				GCC_WARN_64_TO_32_BIT_CONVERSION = YES;
				GCC_WARN_ABOUT_RETURN_TYPE = YES_ERROR;
				GCC_WARN_UNDECLARED_SELECTOR = YES;
				GCC_WARN_UNINITIALIZED_AUTOS = YES_AGGRESSIVE;
				GCC_WARN_UNUSED_FUNCTION = YES;
				GCC_WARN_UNUSED_VARIABLE = YES;
				IPHONEOS_DEPLOYMENT_TARGET = 15.2;
				MTL_ENABLE_DEBUG_INFO = INCLUDE_SOURCE;
				MTL_FAST_MATH = YES;
				ONLY_ACTIVE_ARCH = YES;
				SDKROOT = iphoneos;
				SWIFT_ACTIVE_COMPILATION_CONDITIONS = DEBUG;
				SWIFT_OPTIMIZATION_LEVEL = "-Onone";
			};
			name = Debug;
		};
		A0BB03A12798472D00165B3C /* Release */ = {
			isa = XCBuildConfiguration;
			buildSettings = {
				ALWAYS_SEARCH_USER_PATHS = NO;
				CLANG_ANALYZER_NONNULL = YES;
				CLANG_ANALYZER_NUMBER_OBJECT_CONVERSION = YES_AGGRESSIVE;
				CLANG_CXX_LANGUAGE_STANDARD = "gnu++17";
				CLANG_CXX_LIBRARY = "libc++";
				CLANG_ENABLE_MODULES = YES;
				CLANG_ENABLE_OBJC_ARC = YES;
				CLANG_ENABLE_OBJC_WEAK = YES;
				CLANG_WARN_BLOCK_CAPTURE_AUTORELEASING = YES;
				CLANG_WARN_BOOL_CONVERSION = YES;
				CLANG_WARN_COMMA = YES;
				CLANG_WARN_CONSTANT_CONVERSION = YES;
				CLANG_WARN_DEPRECATED_OBJC_IMPLEMENTATIONS = YES;
				CLANG_WARN_DIRECT_OBJC_ISA_USAGE = YES_ERROR;
				CLANG_WARN_DOCUMENTATION_COMMENTS = YES;
				CLANG_WARN_EMPTY_BODY = YES;
				CLANG_WARN_ENUM_CONVERSION = YES;
				CLANG_WARN_INFINITE_RECURSION = YES;
				CLANG_WARN_INT_CONVERSION = YES;
				CLANG_WARN_NON_LITERAL_NULL_CONVERSION = YES;
				CLANG_WARN_OBJC_IMPLICIT_RETAIN_SELF = YES;
				CLANG_WARN_OBJC_LITERAL_CONVERSION = YES;
				CLANG_WARN_OBJC_ROOT_CLASS = YES_ERROR;
				CLANG_WARN_QUOTED_INCLUDE_IN_FRAMEWORK_HEADER = YES;
				CLANG_WARN_RANGE_LOOP_ANALYSIS = YES;
				CLANG_WARN_STRICT_PROTOTYPES = YES;
				CLANG_WARN_SUSPICIOUS_MOVE = YES;
				CLANG_WARN_UNGUARDED_AVAILABILITY = YES_AGGRESSIVE;
				CLANG_WARN_UNREACHABLE_CODE = YES;
				CLANG_WARN__DUPLICATE_METHOD_MATCH = YES;
				COPY_PHASE_STRIP = NO;
				DEBUG_INFORMATION_FORMAT = "dwarf-with-dsym";
				ENABLE_NS_ASSERTIONS = NO;
				ENABLE_STRICT_OBJC_MSGSEND = YES;
				GCC_C_LANGUAGE_STANDARD = gnu11;
				GCC_NO_COMMON_BLOCKS = YES;
				GCC_WARN_64_TO_32_BIT_CONVERSION = YES;
				GCC_WARN_ABOUT_RETURN_TYPE = YES_ERROR;
				GCC_WARN_UNDECLARED_SELECTOR = YES;
				GCC_WARN_UNINITIALIZED_AUTOS = YES_AGGRESSIVE;
				GCC_WARN_UNUSED_FUNCTION = YES;
				GCC_WARN_UNUSED_VARIABLE = YES;
				IPHONEOS_DEPLOYMENT_TARGET = 15.2;
				MTL_ENABLE_DEBUG_INFO = NO;
				MTL_FAST_MATH = YES;
				SDKROOT = iphoneos;
				SWIFT_COMPILATION_MODE = wholemodule;
				SWIFT_OPTIMIZATION_LEVEL = "-O";
				VALIDATE_PRODUCT = YES;
			};
			name = Release;
		};
		A0BB03A32798472D00165B3C /* Debug */ = {
			isa = XCBuildConfiguration;
			buildSettings = {
				ASSETCATALOG_COMPILER_APPICON_NAME = AppIcon;
				ASSETCATALOG_COMPILER_GLOBAL_ACCENT_COLOR_NAME = AccentColor;
				CODE_SIGN_STYLE = Automatic;
				CURRENT_PROJECT_VERSION = 1;
				DEVELOPMENT_ASSET_PATHS = "\"parking/Preview Content\"";
				ENABLE_PREVIEWS = YES;
				GENERATE_INFOPLIST_FILE = YES;
				INFOPLIST_KEY_UIApplicationSceneManifest_Generation = YES;
				INFOPLIST_KEY_UIApplicationSupportsIndirectInputEvents = YES;
				INFOPLIST_KEY_UILaunchScreen_Generation = YES;
				INFOPLIST_KEY_UISupportedInterfaceOrientations_iPad = "UIInterfaceOrientationPortrait UIInterfaceOrientationPortraitUpsideDown UIInterfaceOrientationLandscapeLeft UIInterfaceOrientationLandscapeRight";
				INFOPLIST_KEY_UISupportedInterfaceOrientations_iPhone = "UIInterfaceOrientationPortrait UIInterfaceOrientationLandscapeLeft UIInterfaceOrientationLandscapeRight";
				LD_RUNPATH_SEARCH_PATHS = (
					"$(inherited)",
					"@executable_path/Frameworks",
				);
				MARKETING_VERSION = 1.0;
				PRODUCT_BUNDLE_IDENTIFIER = com.abrar.parking;
				PRODUCT_NAME = "$(TARGET_NAME)";
				SWIFT_EMIT_LOC_STRINGS = YES;
				SWIFT_VERSION = 5.0;
				TARGETED_DEVICE_FAMILY = "1,2";
			};
			name = Debug;
		};
		A0BB03A42798472D00165B3C /* Release */ = {
			isa = XCBuildConfiguration;
			buildSettings = {
				ASSETCATALOG_COMPILER_APPICON_NAME = AppIcon;
				ASSETCATALOG_COMPILER_GLOBAL_ACCENT_COLOR_NAME = AccentColor;
				CODE_SIGN_STYLE = Automatic;
				CURRENT_PROJECT_VERSION = 1;
				DEVELOPMENT_ASSET_PATHS = "\"parking/Preview Content\"";
				ENABLE_PREVIEWS = YES;
				GENERATE_INFOPLIST_FILE = YES;
				INFOPLIST_KEY_UIApplicationSceneManifest_Generation = YES;
				INFOPLIST_KEY_UIApplicationSupportsIndirectInputEvents = YES;
				INFOPLIST_KEY_UILaunchScreen_Generation = YES;
				INFOPLIST_KEY_UISupportedInterfaceOrientations_iPad = "UIInterfaceOrientationPortrait UIInterfaceOrientationPortraitUpsideDown UIInterfaceOrientationLandscapeLeft UIInterfaceOrientationLandscapeRight";
				INFOPLIST_KEY_UISupportedInterfaceOrientations_iPhone = "UIInterfaceOrientationPortrait UIInterfaceOrientationLandscapeLeft UIInterfaceOrientationLandscapeRight";
				LD_RUNPATH_SEARCH_PATHS = (
					"$(inherited)",
					"@executable_path/Frameworks",
				);
				MARKETING_VERSION = 1.0;
				PRODUCT_BUNDLE_IDENTIFIER = com.abrar.parking;
				PRODUCT_NAME = "$(TARGET_NAME)";
				SWIFT_EMIT_LOC_STRINGS = YES;
				SWIFT_VERSION = 5.0;
				TARGETED_DEVICE_FAMILY = "1,2";
			};
			name = Release;
		};
		A0BB03A62798472D00165B3C /* Debug */ = {
			isa = XCBuildConfiguration;
			buildSettings = {
				ALWAYS_EMBED_SWIFT_STANDARD_LIBRARIES = YES;
				BUNDLE_LOADER = "$(TEST_HOST)";
				CODE_SIGN_STYLE = Automatic;
				CURRENT_PROJECT_VERSION = 1;
				GENERATE_INFOPLIST_FILE = YES;
				IPHONEOS_DEPLOYMENT_TARGET = 15.2;
				MARKETING_VERSION = 1.0;
				PRODUCT_BUNDLE_IDENTIFIER = com.abrar.parkingTests;
				PRODUCT_NAME = "$(TARGET_NAME)";
				SWIFT_EMIT_LOC_STRINGS = NO;
				SWIFT_VERSION = 5.0;
				TARGETED_DEVICE_FAMILY = "1,2";
				TEST_HOST = "$(BUILT_PRODUCTS_DIR)/parking.app/parking";
			};
			name = Debug;
		};
		A0BB03A72798472D00165B3C /* Release */ = {
			isa = XCBuildConfiguration;
			buildSettings = {
				ALWAYS_EMBED_SWIFT_STANDARD_LIBRARIES = YES;
				BUNDLE_LOADER = "$(TEST_HOST)";
				CODE_SIGN_STYLE = Automatic;
				CURRENT_PROJECT_VERSION = 1;
				GENERATE_INFOPLIST_FILE = YES;
				IPHONEOS_DEPLOYMENT_TARGET = 15.2;
				MARKETING_VERSION = 1.0;
				PRODUCT_BUNDLE_IDENTIFIER = com.abrar.parkingTests;
				PRODUCT_NAME = "$(TARGET_NAME)";
				SWIFT_EMIT_LOC_STRINGS = NO;
				SWIFT_VERSION = 5.0;
				TARGETED_DEVICE_FAMILY = "1,2";
				TEST_HOST = "$(BUILT_PRODUCTS_DIR)/parking.app/parking";
			};
			name = Release;
		};
		A0BB03A92798472D00165B3C /* Debug */ = {
			isa = XCBuildConfiguration;
			buildSettings = {
				ALWAYS_EMBED_SWIFT_STANDARD_LIBRARIES = YES;
				CODE_SIGN_STYLE = Automatic;
				CURRENT_PROJECT_VERSION = 1;
				GENERATE_INFOPLIST_FILE = YES;
				MARKETING_VERSION = 1.0;
				PRODUCT_BUNDLE_IDENTIFIER = com.abrar.parkingUITests;
				PRODUCT_NAME = "$(TARGET_NAME)";
				SWIFT_EMIT_LOC_STRINGS = NO;
				SWIFT_VERSION = 5.0;
				TARGETED_DEVICE_FAMILY = "1,2";
				TEST_TARGET_NAME = parking;
			};
			name = Debug;
		};
		A0BB03AA2798472D00165B3C /* Release */ = {
			isa = XCBuildConfiguration;
			buildSettings = {
				ALWAYS_EMBED_SWIFT_STANDARD_LIBRARIES = YES;
				CODE_SIGN_STYLE = Automatic;
				CURRENT_PROJECT_VERSION = 1;
				GENERATE_INFOPLIST_FILE = YES;
				MARKETING_VERSION = 1.0;
				PRODUCT_BUNDLE_IDENTIFIER = com.abrar.parkingUITests;
				PRODUCT_NAME = "$(TARGET_NAME)";
				SWIFT_EMIT_LOC_STRINGS = NO;
				SWIFT_VERSION = 5.0;
				TARGETED_DEVICE_FAMILY = "1,2";
				TEST_TARGET_NAME = parking;
			};
			name = Release;
		};
/* End XCBuildConfiguration section */

/* Begin XCConfigurationList section */
		A0BB03792798472C00165B3C /* Build configuration list for PBXProject "parking" */ = {
			isa = XCConfigurationList;
			buildConfigurations = (
				A0BB03A02798472D00165B3C /* Debug */,
				A0BB03A12798472D00165B3C /* Release */,
			);
			defaultConfigurationIsVisible = 0;
			defaultConfigurationName = Release;
		};
		A0BB03A22798472D00165B3C /* Build configuration list for PBXNativeTarget "parking" */ = {
			isa = XCConfigurationList;
			buildConfigurations = (
				A0BB03A32798472D00165B3C /* Debug */,
				A0BB03A42798472D00165B3C /* Release */,
			);
			defaultConfigurationIsVisible = 0;
			defaultConfigurationName = Release;
		};
		A0BB03A52798472D00165B3C /* Build configuration list for PBXNativeTarget "parkingTests" */ = {
			isa = XCConfigurationList;
			buildConfigurations = (
				A0BB03A62798472D00165B3C /* Debug */,
				A0BB03A72798472D00165B3C /* Release */,
			);
			defaultConfigurationIsVisible = 0;
			defaultConfigurationName = Release;
		};
		A0BB03A82798472D00165B3C /* Build configuration list for PBXNativeTarget "parkingUITests" */ = {
			isa = XCConfigurationList;
			buildConfigurations = (
				A0BB03A92798472D00165B3C /* Debug */,
				A0BB03AA2798472D00165B3C /* Release */,
			);
			defaultConfigurationIsVisible = 0;
			defaultConfigurationName = Release;
		};
/* End XCConfigurationList section */
	};
	rootObject = A0BB03762798472C00165B3C /* Project object */;
}
